<?xml version="1.0" encoding="utf-8"?>
<Project ToolsVersion="4.0" xmlns="http://schemas.microsoft.com/developer/msbuild/2003">
  <ItemGroup>
    <Filter Include="Source Files">
      <UniqueIdentifier>{4FC737F1-C7A5-4376-A066-2A32D752A2FF}</UniqueIdentifier>
      <Extensions>cpp;c;cc;cxx;def;odl;idl;hpj;bat;asm;asmx</Extensions>
    </Filter>
    <Filter Include="Header Files">
      <UniqueIdentifier>{93995380-89BD-4b04-88EB-625FBE52EBFB}</UniqueIdentifier>
      <Extensions>h;hh;hpp;hxx;hm;inl;inc;xsd</Extensions>
    </Filter>
    <Filter Include="Resource Files">
      <UniqueIdentifier>{67DA6AB6-F800-4c08-8B7A-83BB121AAD01}</UniqueIdentifier>
      <Extensions>rc;ico;cur;bmp;dlg;rc2;rct;bin;rgs;gif;jpg;jpeg;jpe;resx;tiff;tif;png;wav;mfcribbon-ms</Extensions>
    </Filter>
    <Filter Include="Header Files\System">
      <UniqueIdentifier>{bbd11e98-ac0f-49d3-b943-d8cbdcbb089a}</UniqueIdentifier>
    </Filter>
    <Filter Include="Header Files\OBJ">
      <UniqueIdentifier>{53b76cc8-a3bd-49a1-9d51-c49b34127923}</UniqueIdentifier>
    </Filter>
    <Filter Include="Header Files\Dependencies">
      <UniqueIdentifier>{986e8020-02a3-401c-af4b-f1df054b4f45}</UniqueIdentifier>
    </Filter>
    <Filter Include="Header Files\Image">
      <UniqueIdentifier>{88a93d4f-5c96-4634-85af-c28c1d10fb31}</UniqueIdentifier>
    </Filter>
    <Filter Include="Source Files\OBJ">
      <UniqueIdentifier>{8ff2c8d5-fe32-4d81-8428-ed659b82b299}</UniqueIdentifier>
    </Filter>
    <Filter Include="Source Files\Image">
      <UniqueIdentifier>{88279816-2b66-490e-9fb8-57c7ab2bf75a}</UniqueIdentifier>
    </Filter>
    <Filter Include="Source Files\System">
      <UniqueIdentifier>{a998dd7f-2e88-4780-9c2d-5e2f1c8b67f6}</UniqueIdentifier>
    </Filter>
    <Filter Include="Source Files\Dependencies">
      <UniqueIdentifier>{ab22ddf7-e591-48e8-a61c-e1e486046aba}</UniqueIdentifier>
    </Filter>
  </ItemGroup>
  <ItemGroup>
    <ClCompile Include="main.cpp">
      <Filter>Source Files</Filter>
    </ClCompile>
    <ClCompile Include="Face.cpp">
      <Filter>Source Files\OBJ</Filter>
    </ClCompile>
    <ClCompile Include="Group.cpp">
      <Filter>Source Files\OBJ</Filter>
    </ClCompile>
    <ClCompile Include="Mesh.cpp">
      <Filter>Source Files\OBJ</Filter>
    </ClCompile>
    <ClCompile Include="OBJReader.cpp">
      <Filter>Source Files\OBJ</Filter>
    </ClCompile>
    <ClCompile Include="Image.cpp">
      <Filter>Source Files\Image</Filter>
    </ClCompile>
    <ClCompile Include="IMGReader.cpp">
      <Filter>Source Files\Image</Filter>
    </ClCompile>
    <ClCompile Include="App.cpp">
      <Filter>Source Files\System</Filter>
    </ClCompile>
    <ClCompile Include="ResourceManager.cpp">
      <Filter>Source Files\System</Filter>
    </ClCompile>
    <ClCompile Include="maths_funcs.cpp">
      <Filter>Source Files\Dependencies</Filter>
    </ClCompile>
    <ClCompile Include="Camera.cpp">
      <Filter>Source Files\Dependencies</Filter>
    </ClCompile>
    <ClCompile Include="GroupShader.cpp">
      <Filter>Source Files\OBJ</Filter>
    </ClCompile>
    <ClCompile Include="MeshShader.cpp">
      <Filter>Source Files\OBJ</Filter>
    </ClCompile>
    <ClCompile Include="RendererSystem.cpp">
      <Filter>Source Files\System</Filter>
    </ClCompile>
    <ClCompile Include="ClickSystem.cpp">
      <Filter>Source Files\System</Filter>
    </ClCompile>
    <ClCompile Include="TextureSynthesisSystem.cpp">
      <Filter>Source Files\System</Filter>
    </ClCompile>
    <ClCompile Include="GLError.cpp">
      <Filter>Source Files\Dependencies</Filter>
    </ClCompile>
    <ClCompile Include="PrimitiveDrawer.cpp">
      <Filter>Source Files\Dependencies</Filter>
    </ClCompile>
    <ClCompile Include="Primitives.cpp">
      <Filter>Source Files\Dependencies</Filter>
    </ClCompile>
    <ClCompile Include="Shader.cpp">
      <Filter>Source Files</Filter>
    </ClCompile>
    <ClCompile Include="AssimpReader.cpp">
      <Filter>Source Files</Filter>
    </ClCompile>
    <ClCompile Include="FrameBuffer.cpp">
      <Filter>Source Files</Filter>
    </ClCompile>
  </ItemGroup>
  <ItemGroup>
    <ClInclude Include="App.h">
      <Filter>Header Files\System</Filter>
    </ClInclude>
    <ClInclude Include="Face.h">
      <Filter>Header Files\OBJ</Filter>
    </ClInclude>
    <ClInclude Include="Group.h">
      <Filter>Header Files\OBJ</Filter>
    </ClInclude>
    <ClInclude Include="Mesh.h">
      <Filter>Header Files\OBJ</Filter>
    </ClInclude>
    <ClInclude Include="OBJReader.h">
      <Filter>Header Files\OBJ</Filter>
    </ClInclude>
    <ClInclude Include="Vector2D.h">
      <Filter>Header Files\Dependencies</Filter>
    </ClInclude>
    <ClInclude Include="Vector3D.h">
      <Filter>Header Files\Dependencies</Filter>
    </ClInclude>
    <ClInclude Include="Image.h">
      <Filter>Header Files\Image</Filter>
    </ClInclude>
    <ClInclude Include="IMGReader.h">
      <Filter>Header Files\Image</Filter>
    </ClInclude>
    <ClInclude Include="ResourceManager.h">
      <Filter>Header Files\System</Filter>
    </ClInclude>
    <ClInclude Include="maths_funcs.h">
      <Filter>Header Files\Dependencies</Filter>
    </ClInclude>
    <ClInclude Include="Camera.h">
      <Filter>Header Files\Dependencies</Filter>
    </ClInclude>
    <ClInclude Include="GroupShader.h">
      <Filter>Header Files\OBJ</Filter>
    </ClInclude>
    <ClInclude Include="MeshShader.h">
      <Filter>Header Files\OBJ</Filter>
    </ClInclude>
    <ClInclude Include="RendererSystem.h">
      <Filter>Header Files\System</Filter>
    </ClInclude>
    <ClInclude Include="ClickSystem.h">
      <Filter>Header Files\System</Filter>
    </ClInclude>
    <ClInclude Include="TextureSynthesisSystem.h">
      <Filter>Header Files\System</Filter>
    </ClInclude>
    <ClInclude Include="GLError.h">
      <Filter>Header Files\Dependencies</Filter>
    </ClInclude>
    <ClInclude Include="PrimitiveDrawer.h">
      <Filter>Header Files\Dependencies</Filter>
    </ClInclude>
    <ClInclude Include="Primitives.h">
      <Filter>Header Files\Dependencies</Filter>
    </ClInclude>
    <ClInclude Include="Shader.h">
      <Filter>Header Files</Filter>
    </ClInclude>
    <ClInclude Include="AssimpReader.h">
      <Filter>Header Files</Filter>
    </ClInclude>
    <ClInclude Include="FrameBuffer.h">
      <Filter>Header Files</Filter>
    </ClInclude>
  </ItemGroup>
</Project>